
Microsoft Visual Studio Solution File, Format Version 12.00
# Visual Studio Version 17
VisualStudioVersion = 17.5.33530.505
MinimumVisualStudioVersion = 10.0.40219.1
Project("{FAE04EC0-301F-11D3-BF4B-00C04F79EFBC}") = "Api", "Api\Api.csproj", "{57D754CE-C35B-476A-B054-060C05028110}"
EndProject
Global
	GlobalSection(SolutionConfigurationPlatforms) = preSolution
		Debug|Any CPU = Debug|Any CPU
		Release|Any CPU = Release|Any CPU
	EndGlobalSection
	GlobalSection(ProjectConfigurationPlatforms) = postSolution
		{57D754CE-C35B-476A-B054-060C05028110}.Debug|Any CPU.ActiveCfg = Debug|Any CPU
		{57D754CE-C35B-476A-B054-060C05028110}.Debug|Any CPU.Build.0 = Debug|Any CPU
		{57D754CE-C35B-476A-B054-060C05028110}.Release|Any CPU.ActiveCfg = Release|Any CPU
		{57D754CE-C35B-476A-B054-060C05028110}.Release|Any CPU.Build.0 = Release|Any CPU
	EndGlobalSection
	GlobalSection(SolutionProperties) = preSolution
		HideSolutionNode = FALSE
	EndGlobalSection
	GlobalSection(ExtensibilityGlobals) = postSolution
		SolutionGuid = {A7998E35-C7AD-48C5-B8BF-6EAE5CE4BC52}
	EndGlobalSection
EndGlobal
